
Microsoft Visual Studio Solution File, Format Version 12.00
# Visual Studio 14
VisualStudioVersion = 14.0.24720.0
MinimumVisualStudioVersion = 10.0.40219.1
Project("{FAE04EC0-301F-11D3-BF4B-00C04F79EFBC}") = "SuperSubtitles", "SuperSubtitles\SuperSubtitles.csproj", "{F5FA5D18-730A-41AF-B701-585A7065F205}"
EndProject
Project("{2150E333-8FDC-42A3-9474-1A3956D46DE8}") = "PublishScripts", "PublishScripts", "{E0B593BD-7990-47C2-B2DD-10AD89D48464}"
EndProject
Project("{2150E333-8FDC-42A3-9474-1A3956D46DE8}") = "Scripts", "Scripts", "{F83FBDFF-0D6F-4372-9E16-372014F9F319}"
	ProjectSection(SolutionItems) = preProject
		PublishScripts\Scripts\Deploy-AzureResourceGroup.ps1 = PublishScripts\Scripts\Deploy-AzureResourceGroup.ps1
	EndProjectSection
EndProject
Project("{2150E333-8FDC-42A3-9474-1A3956D46DE8}") = "Templates", "Templates", "{55A271C3-2081-47C0-97CC-C426D2409CC2}"
	ProjectSection(SolutionItems) = preProject
		PublishScripts\Templates\SuperSubtitles.json = PublishScripts\Templates\SuperSubtitles.json
		PublishScripts\Templates\SuperSubtitles.param.dev.json = PublishScripts\Templates\SuperSubtitles.param.dev.json
	EndProjectSection
EndProject
Global
	GlobalSection(SolutionConfigurationPlatforms) = preSolution
		Debug|Any CPU = Debug|Any CPU
		Release|Any CPU = Release|Any CPU
	EndGlobalSection
	GlobalSection(ProjectConfigurationPlatforms) = postSolution
		{F5FA5D18-730A-41AF-B701-585A7065F205}.Debug|Any CPU.ActiveCfg = Debug|Any CPU
		{F5FA5D18-730A-41AF-B701-585A7065F205}.Debug|Any CPU.Build.0 = Debug|Any CPU
		{F5FA5D18-730A-41AF-B701-585A7065F205}.Release|Any CPU.ActiveCfg = Release|Any CPU
		{F5FA5D18-730A-41AF-B701-585A7065F205}.Release|Any CPU.Build.0 = Release|Any CPU
	EndGlobalSection
	GlobalSection(SolutionProperties) = preSolution
		HideSolutionNode = FALSE
	EndGlobalSection
	GlobalSection(NestedProjects) = preSolution
		{F83FBDFF-0D6F-4372-9E16-372014F9F319} = {E0B593BD-7990-47C2-B2DD-10AD89D48464}
		{55A271C3-2081-47C0-97CC-C426D2409CC2} = {E0B593BD-7990-47C2-B2DD-10AD89D48464}
	EndGlobalSection
EndGlobal
